
Microsoft Visual Studio Solution File, Format Version 12.00
# Blend for Visual Studio 15
VisualStudioVersion = 15.0.27004.2010
MinimumVisualStudioVersion = 10.0.40219.1
Project("{2150E333-8FDC-42A3-9474-1A3956D46DE8}") = "Controls", "Controls", "{50BF5174-7532-4BDC-84F4-6C31C7085C5C}"
EndProject
Project("{2150E333-8FDC-42A3-9474-1A3956D46DE8}") = "Tests", "Tests", "{4A744B23-0EE2-48B6-B291-24447DD12C0D}"
EndProject
Project("{FAE04EC0-301F-11D3-BF4B-00C04F79EFBC}") = "Jagerts.Arie.Windows.Universal.Controls", "Jagerts.Arie.Windows.Universal.Controls\Jagerts.Arie.Windows.Universal.Controls.csproj", "{DFCACAB0-C448-4E0B-BF35-8DFA8526307F}"
EndProject
Project("{FAE04EC0-301F-11D3-BF4B-00C04F79EFBC}") = "Jagerts.Arie.Windows.Classic.Controls", "Jagerts.Arie.Windows.Classic.Controls\Jagerts.Arie.Windows.Classic.Controls.csproj", "{4704DF19-BCDE-4E47-AF65-71ACB057C8E7}"
EndProject
Project("{FAE04EC0-301F-11D3-BF4B-00C04F79EFBC}") = "Jagerts.Arie.Common.Web.Controls", "Jagerts.Arie.Common.Web.Controls\Jagerts.Arie.Common.Web.Controls.csproj", "{C551F4AD-7815-4D06-A820-5334CA40DAD6}"
EndProject
Project("{FAE04EC0-301F-11D3-BF4B-00C04F79EFBC}") = "Jagerts.Arie.Common.Web.Test", "Jagerts.Arie.Common.Web.Test\Jagerts.Arie.Common.Web.Test.csproj", "{1FFA14DD-C30F-49AA-B0C6-24FE60CFAE19}"
EndProject
Project("{FAE04EC0-301F-11D3-BF4B-00C04F79EFBC}") = "Jagerts.Arie.Windows.Classic.Test", "Jagerts.Arie.Windows.Classic.Test\Jagerts.Arie.Windows.Classic.Test.csproj", "{46EA9608-90F7-480D-9FC1-A3C807386E5E}"
EndProject
Project("{FAE04EC0-301F-11D3-BF4B-00C04F79EFBC}") = "Jagerts.Arie.Windows.Universal.Test", "Jagerts.Arie.Windows.Universal.Test\Jagerts.Arie.Windows.Universal.Test.csproj", "{6D87B093-A67A-4BF8-96CE-3747A3D7F9B4}"
EndProject
Project("{FAE04EC0-301F-11D3-BF4B-00C04F79EFBC}") = "Jagerts.Arie.Standard.Mvvm", "Jagerts.Arie.Standard.Mvvm\Jagerts.Arie.Standard.Mvvm.csproj", "{FCEDF8BD-DF88-4894-A1D3-D8BF4CEB5954}"
EndProject
Global
	GlobalSection(SolutionConfigurationPlatforms) = preSolution
		Debug|Any CPU = Debug|Any CPU
		Debug|ARM = Debug|ARM
		Debug|x64 = Debug|x64
		Debug|x86 = Debug|x86
		Release|Any CPU = Release|Any CPU
		Release|ARM = Release|ARM
		Release|x64 = Release|x64
		Release|x86 = Release|x86
	EndGlobalSection
	GlobalSection(ProjectConfigurationPlatforms) = postSolution
		{DFCACAB0-C448-4E0B-BF35-8DFA8526307F}.Debug|Any CPU.ActiveCfg = Debug|Any CPU
		{DFCACAB0-C448-4E0B-BF35-8DFA8526307F}.Debug|Any CPU.Build.0 = Debug|Any CPU
		{DFCACAB0-C448-4E0B-BF35-8DFA8526307F}.Debug|ARM.ActiveCfg = Debug|ARM
		{DFCACAB0-C448-4E0B-BF35-8DFA8526307F}.Debug|ARM.Build.0 = Debug|ARM
		{DFCACAB0-C448-4E0B-BF35-8DFA8526307F}.Debug|x64.ActiveCfg = Debug|x64
		{DFCACAB0-C448-4E0B-BF35-8DFA8526307F}.Debug|x64.Build.0 = Debug|x64
		{DFCACAB0-C448-4E0B-BF35-8DFA8526307F}.Debug|x86.ActiveCfg = Debug|x86
		{DFCACAB0-C448-4E0B-BF35-8DFA8526307F}.Debug|x86.Build.0 = Debug|x86
		{DFCACAB0-C448-4E0B-BF35-8DFA8526307F}.Release|Any CPU.ActiveCfg = Release|Any CPU
		{DFCACAB0-C448-4E0B-BF35-8DFA8526307F}.Release|Any CPU.Build.0 = Release|Any CPU
		{DFCACAB0-C448-4E0B-BF35-8DFA8526307F}.Release|ARM.ActiveCfg = Release|ARM
		{DFCACAB0-C448-4E0B-BF35-8DFA8526307F}.Release|ARM.Build.0 = Release|ARM
		{DFCACAB0-C448-4E0B-BF35-8DFA8526307F}.Release|x64.ActiveCfg = Release|x64
		{DFCACAB0-C448-4E0B-BF35-8DFA8526307F}.Release|x64.Build.0 = Release|x64
		{DFCACAB0-C448-4E0B-BF35-8DFA8526307F}.Release|x86.ActiveCfg = Release|x86
		{DFCACAB0-C448-4E0B-BF35-8DFA8526307F}.Release|x86.Build.0 = Release|x86
		{4704DF19-BCDE-4E47-AF65-71ACB057C8E7}.Debug|Any CPU.ActiveCfg = Debug|Any CPU
		{4704DF19-BCDE-4E47-AF65-71ACB057C8E7}.Debug|Any CPU.Build.0 = Debug|Any CPU
		{4704DF19-BCDE-4E47-AF65-71ACB057C8E7}.Debug|ARM.ActiveCfg = Debug|Any CPU
		{4704DF19-BCDE-4E47-AF65-71ACB057C8E7}.Debug|ARM.Build.0 = Debug|Any CPU
		{4704DF19-BCDE-4E47-AF65-71ACB057C8E7}.Debug|x64.ActiveCfg = Debug|Any CPU
		{4704DF19-BCDE-4E47-AF65-71ACB057C8E7}.Debug|x64.Build.0 = Debug|Any CPU
		{4704DF19-BCDE-4E47-AF65-71ACB057C8E7}.Debug|x86.ActiveCfg = Debug|Any CPU
		{4704DF19-BCDE-4E47-AF65-71ACB057C8E7}.Debug|x86.Build.0 = Debug|Any CPU
		{4704DF19-BCDE-4E47-AF65-71ACB057C8E7}.Release|Any CPU.ActiveCfg = Release|Any CPU
		{4704DF19-BCDE-4E47-AF65-71ACB057C8E7}.Release|Any CPU.Build.0 = Release|Any CPU
		{4704DF19-BCDE-4E47-AF65-71ACB057C8E7}.Release|ARM.ActiveCfg = Release|Any CPU
		{4704DF19-BCDE-4E47-AF65-71ACB057C8E7}.Release|ARM.Build.0 = Release|Any CPU
		{4704DF19-BCDE-4E47-AF65-71ACB057C8E7}.Release|x64.ActiveCfg = Release|Any CPU
		{4704DF19-BCDE-4E47-AF65-71ACB057C8E7}.Release|x64.Build.0 = Release|Any CPU
		{4704DF19-BCDE-4E47-AF65-71ACB057C8E7}.Release|x86.ActiveCfg = Release|Any CPU
		{4704DF19-BCDE-4E47-AF65-71ACB057C8E7}.Release|x86.Build.0 = Release|Any CPU
		{C551F4AD-7815-4D06-A820-5334CA40DAD6}.Debug|Any CPU.ActiveCfg = Debug|Any CPU
		{C551F4AD-7815-4D06-A820-5334CA40DAD6}.Debug|Any CPU.Build.0 = Debug|Any CPU
		{C551F4AD-7815-4D06-A820-5334CA40DAD6}.Debug|ARM.ActiveCfg = Debug|Any CPU
		{C551F4AD-7815-4D06-A820-5334CA40DAD6}.Debug|ARM.Build.0 = Debug|Any CPU
		{C551F4AD-7815-4D06-A820-5334CA40DAD6}.Debug|x64.ActiveCfg = Debug|Any CPU
		{C551F4AD-7815-4D06-A820-5334CA40DAD6}.Debug|x64.Build.0 = Debug|Any CPU
		{C551F4AD-7815-4D06-A820-5334CA40DAD6}.Debug|x86.ActiveCfg = Debug|Any CPU
		{C551F4AD-7815-4D06-A820-5334CA40DAD6}.Debug|x86.Build.0 = Debug|Any CPU
		{C551F4AD-7815-4D06-A820-5334CA40DAD6}.Release|Any CPU.ActiveCfg = Release|Any CPU
		{C551F4AD-7815-4D06-A820-5334CA40DAD6}.Release|Any CPU.Build.0 = Release|Any CPU
		{C551F4AD-7815-4D06-A820-5334CA40DAD6}.Release|ARM.ActiveCfg = Release|Any CPU
		{C551F4AD-7815-4D06-A820-5334CA40DAD6}.Release|ARM.Build.0 = Release|Any CPU
		{C551F4AD-7815-4D06-A820-5334CA40DAD6}.Release|x64.ActiveCfg = Release|Any CPU
		{C551F4AD-7815-4D06-A820-5334CA40DAD6}.Release|x64.Build.0 = Release|Any CPU
		{C551F4AD-7815-4D06-A820-5334CA40DAD6}.Release|x86.ActiveCfg = Release|Any CPU
		{C551F4AD-7815-4D06-A820-5334CA40DAD6}.Release|x86.Build.0 = Release|Any CPU
		{1FFA14DD-C30F-49AA-B0C6-24FE60CFAE19}.Debug|Any CPU.ActiveCfg = Debug|Any CPU
		{1FFA14DD-C30F-49AA-B0C6-24FE60CFAE19}.Debug|Any CPU.Build.0 = Debug|Any CPU
		{1FFA14DD-C30F-49AA-B0C6-24FE60CFAE19}.Debug|ARM.ActiveCfg = Debug|Any CPU
		{1FFA14DD-C30F-49AA-B0C6-24FE60CFAE19}.Debug|ARM.Build.0 = Debug|Any CPU
		{1FFA14DD-C30F-49AA-B0C6-24FE60CFAE19}.Debug|x64.ActiveCfg = Debug|Any CPU
		{1FFA14DD-C30F-49AA-B0C6-24FE60CFAE19}.Debug|x64.Build.0 = Debug|Any CPU
		{1FFA14DD-C30F-49AA-B0C6-24FE60CFAE19}.Debug|x86.ActiveCfg = Debug|Any CPU
		{1FFA14DD-C30F-49AA-B0C6-24FE60CFAE19}.Debug|x86.Build.0 = Debug|Any CPU
		{1FFA14DD-C30F-49AA-B0C6-24FE60CFAE19}.Release|Any CPU.ActiveCfg = Release|Any CPU
		{1FFA14DD-C30F-49AA-B0C6-24FE60CFAE19}.Release|Any CPU.Build.0 = Release|Any CPU
		{1FFA14DD-C30F-49AA-B0C6-24FE60CFAE19}.Release|ARM.ActiveCfg = Release|Any CPU
		{1FFA14DD-C30F-49AA-B0C6-24FE60CFAE19}.Release|ARM.Build.0 = Release|Any CPU
		{1FFA14DD-C30F-49AA-B0C6-24FE60CFAE19}.Release|x64.ActiveCfg = Release|Any CPU
		{1FFA14DD-C30F-49AA-B0C6-24FE60CFAE19}.Release|x64.Build.0 = Release|Any CPU
		{1FFA14DD-C30F-49AA-B0C6-24FE60CFAE19}.Release|x86.ActiveCfg = Release|Any CPU
		{1FFA14DD-C30F-49AA-B0C6-24FE60CFAE19}.Release|x86.Build.0 = Release|Any CPU
		{46EA9608-90F7-480D-9FC1-A3C807386E5E}.Debug|Any CPU.ActiveCfg = Debug|Any CPU
		{46EA9608-90F7-480D-9FC1-A3C807386E5E}.Debug|Any CPU.Build.0 = Debug|Any CPU
		{46EA9608-90F7-480D-9FC1-A3C807386E5E}.Debug|ARM.ActiveCfg = Debug|Any CPU
		{46EA9608-90F7-480D-9FC1-A3C807386E5E}.Debug|ARM.Build.0 = Debug|Any CPU
		{46EA9608-90F7-480D-9FC1-A3C807386E5E}.Debug|x64.ActiveCfg = Debug|Any CPU
		{46EA9608-90F7-480D-9FC1-A3C807386E5E}.Debug|x64.Build.0 = Debug|Any CPU
		{46EA9608-90F7-480D-9FC1-A3C807386E5E}.Debug|x86.ActiveCfg = Debug|Any CPU
		{46EA9608-90F7-480D-9FC1-A3C807386E5E}.Debug|x86.Build.0 = Debug|Any CPU
		{46EA9608-90F7-480D-9FC1-A3C807386E5E}.Release|Any CPU.ActiveCfg = Release|Any CPU
		{46EA9608-90F7-480D-9FC1-A3C807386E5E}.Release|Any CPU.Build.0 = Release|Any CPU
		{46EA9608-90F7-480D-9FC1-A3C807386E5E}.Release|ARM.ActiveCfg = Release|Any CPU
		{46EA9608-90F7-480D-9FC1-A3C807386E5E}.Release|ARM.Build.0 = Release|Any CPU
		{46EA9608-90F7-480D-9FC1-A3C807386E5E}.Release|x64.ActiveCfg = Release|Any CPU
		{46EA9608-90F7-480D-9FC1-A3C807386E5E}.Release|x64.Build.0 = Release|Any CPU
		{46EA9608-90F7-480D-9FC1-A3C807386E5E}.Release|x86.ActiveCfg = Release|Any CPU
		{46EA9608-90F7-480D-9FC1-A3C807386E5E}.Release|x86.Build.0 = Release|Any CPU
		{6D87B093-A67A-4BF8-96CE-3747A3D7F9B4}.Debug|Any CPU.ActiveCfg = Debug|x86
		{6D87B093-A67A-4BF8-96CE-3747A3D7F9B4}.Debug|ARM.ActiveCfg = Debug|ARM
		{6D87B093-A67A-4BF8-96CE-3747A3D7F9B4}.Debug|ARM.Build.0 = Debug|ARM
		{6D87B093-A67A-4BF8-96CE-3747A3D7F9B4}.Debug|ARM.Deploy.0 = Debug|ARM
		{6D87B093-A67A-4BF8-96CE-3747A3D7F9B4}.Debug|x64.ActiveCfg = Debug|x64
		{6D87B093-A67A-4BF8-96CE-3747A3D7F9B4}.Debug|x64.Build.0 = Debug|x64
		{6D87B093-A67A-4BF8-96CE-3747A3D7F9B4}.Debug|x64.Deploy.0 = Debug|x64
		{6D87B093-A67A-4BF8-96CE-3747A3D7F9B4}.Debug|x86.ActiveCfg = Debug|x86
		{6D87B093-A67A-4BF8-96CE-3747A3D7F9B4}.Debug|x86.Build.0 = Debug|x86
		{6D87B093-A67A-4BF8-96CE-3747A3D7F9B4}.Debug|x86.Deploy.0 = Debug|x86
		{6D87B093-A67A-4BF8-96CE-3747A3D7F9B4}.Release|Any CPU.ActiveCfg = Release|x86
		{6D87B093-A67A-4BF8-96CE-3747A3D7F9B4}.Release|ARM.ActiveCfg = Release|ARM
		{6D87B093-A67A-4BF8-96CE-3747A3D7F9B4}.Release|ARM.Build.0 = Release|ARM
		{6D87B093-A67A-4BF8-96CE-3747A3D7F9B4}.Release|ARM.Deploy.0 = Release|ARM
		{6D87B093-A67A-4BF8-96CE-3747A3D7F9B4}.Release|x64.ActiveCfg = Release|x64
		{6D87B093-A67A-4BF8-96CE-3747A3D7F9B4}.Release|x64.Build.0 = Release|x64
		{6D87B093-A67A-4BF8-96CE-3747A3D7F9B4}.Release|x64.Deploy.0 = Release|x64
		{6D87B093-A67A-4BF8-96CE-3747A3D7F9B4}.Release|x86.ActiveCfg = Release|x86
		{6D87B093-A67A-4BF8-96CE-3747A3D7F9B4}.Release|x86.Build.0 = Release|x86
		{6D87B093-A67A-4BF8-96CE-3747A3D7F9B4}.Release|x86.Deploy.0 = Release|x86
		{FCEDF8BD-DF88-4894-A1D3-D8BF4CEB5954}.Debug|Any CPU.ActiveCfg = Debug|Any CPU
		{FCEDF8BD-DF88-4894-A1D3-D8BF4CEB5954}.Debug|Any CPU.Build.0 = Debug|Any CPU
		{FCEDF8BD-DF88-4894-A1D3-D8BF4CEB5954}.Debug|ARM.ActiveCfg = Debug|Any CPU
		{FCEDF8BD-DF88-4894-A1D3-D8BF4CEB5954}.Debug|ARM.Build.0 = Debug|Any CPU
		{FCEDF8BD-DF88-4894-A1D3-D8BF4CEB5954}.Debug|x64.ActiveCfg = Debug|Any CPU
		{FCEDF8BD-DF88-4894-A1D3-D8BF4CEB5954}.Debug|x64.Build.0 = Debug|Any CPU
		{FCEDF8BD-DF88-4894-A1D3-D8BF4CEB5954}.Debug|x86.ActiveCfg = Debug|Any CPU
		{FCEDF8BD-DF88-4894-A1D3-D8BF4CEB5954}.Debug|x86.Build.0 = Debug|Any CPU
		{FCEDF8BD-DF88-4894-A1D3-D8BF4CEB5954}.Release|Any CPU.ActiveCfg = Release|Any CPU
		{FCEDF8BD-DF88-4894-A1D3-D8BF4CEB5954}.Release|Any CPU.Build.0 = Release|Any CPU
		{FCEDF8BD-DF88-4894-A1D3-D8BF4CEB5954}.Release|ARM.ActiveCfg = Release|Any CPU
		{FCEDF8BD-DF88-4894-A1D3-D8BF4CEB5954}.Release|ARM.Build.0 = Release|Any CPU
		{FCEDF8BD-DF88-4894-A1D3-D8BF4CEB5954}.Release|x64.ActiveCfg = Release|Any CPU
		{FCEDF8BD-DF88-4894-A1D3-D8BF4CEB5954}.Release|x64.Build.0 = Release|Any CPU
		{FCEDF8BD-DF88-4894-A1D3-D8BF4CEB5954}.Release|x86.ActiveCfg = Release|Any CPU
		{FCEDF8BD-DF88-4894-A1D3-D8BF4CEB5954}.Release|x86.Build.0 = Release|Any CPU
	EndGlobalSection
	GlobalSection(SolutionProperties) = preSolution
		HideSolutionNode = FALSE
	EndGlobalSection
	GlobalSection(NestedProjects) = preSolution
		{DFCACAB0-C448-4E0B-BF35-8DFA8526307F} = {50BF5174-7532-4BDC-84F4-6C31C7085C5C}
		{4704DF19-BCDE-4E47-AF65-71ACB057C8E7} = {50BF5174-7532-4BDC-84F4-6C31C7085C5C}
		{C551F4AD-7815-4D06-A820-5334CA40DAD6} = {50BF5174-7532-4BDC-84F4-6C31C7085C5C}
		{1FFA14DD-C30F-49AA-B0C6-24FE60CFAE19} = {4A744B23-0EE2-48B6-B291-24447DD12C0D}
		{46EA9608-90F7-480D-9FC1-A3C807386E5E} = {4A744B23-0EE2-48B6-B291-24447DD12C0D}
		{6D87B093-A67A-4BF8-96CE-3747A3D7F9B4} = {4A744B23-0EE2-48B6-B291-24447DD12C0D}
	EndGlobalSection
	GlobalSection(ExtensibilityGlobals) = postSolution
		SolutionGuid = {5B6EE2BE-07A9-4A1B-9EF9-77CAFBEB23EB}
	EndGlobalSection
EndGlobal
